
Microsoft Visual Studio Solution File, Format Version 12.00
# Visual Studio 14
VisualStudioVersion = 14.0.23107.0
MinimumVisualStudioVersion = 10.0.40219.1
Project("{FAE04EC0-301F-11D3-BF4B-00C04F79EFBC}") = "EOFittingCosterLib", "EOFittingCosterLib\EOFittingCosterLib.csproj", "{3990F8E7-6694-49E3-98F8-F3313011B05F}"
EndProject
Project("{FAE04EC0-301F-11D3-BF4B-00C04F79EFBC}") = "EOFittingCosterLib.Tests", "EOFittingCoster.Tests\EOFittingCosterLib.Tests.csproj", "{4A2BD0D8-8950-464F-9DC3-C69F1D32EF84}"
EndProject
Global
	GlobalSection(SolutionConfigurationPlatforms) = preSolution
		Debug|Any CPU = Debug|Any CPU
		Release|Any CPU = Release|Any CPU
	EndGlobalSection
	GlobalSection(ProjectConfigurationPlatforms) = postSolution
		{3990F8E7-6694-49E3-98F8-F3313011B05F}.Debug|Any CPU.ActiveCfg = Debug|Any CPU
		{3990F8E7-6694-49E3-98F8-F3313011B05F}.Debug|Any CPU.Build.0 = Debug|Any CPU
		{3990F8E7-6694-49E3-98F8-F3313011B05F}.Release|Any CPU.ActiveCfg = Release|Any CPU
		{3990F8E7-6694-49E3-98F8-F3313011B05F}.Release|Any CPU.Build.0 = Release|Any CPU
		{4A2BD0D8-8950-464F-9DC3-C69F1D32EF84}.Debug|Any CPU.ActiveCfg = Debug|Any CPU
		{4A2BD0D8-8950-464F-9DC3-C69F1D32EF84}.Debug|Any CPU.Build.0 = Debug|Any CPU
		{4A2BD0D8-8950-464F-9DC3-C69F1D32EF84}.Release|Any CPU.ActiveCfg = Release|Any CPU
		{4A2BD0D8-8950-464F-9DC3-C69F1D32EF84}.Release|Any CPU.Build.0 = Release|Any CPU
	EndGlobalSection
	GlobalSection(SolutionProperties) = preSolution
		HideSolutionNode = FALSE
	EndGlobalSection
EndGlobal
